
Microsoft Visual Studio Solution File, Format Version 12.00
# Visual Studio Version 17
VisualStudioVersion = 17.1.32407.343
MinimumVisualStudioVersion = 10.0.40219.1
Project("{FAE04EC0-301F-11D3-BF4B-00C04F79EFBC}") = "EmailEventLog", "EmailEventLog\EmailEventLog.csproj", "{2DF74999-1387-4D3F-8D1E-1628F8BAF282}"
EndProject
Global
	GlobalSection(SolutionConfigurationPlatforms) = preSolution
		Debug|Any CPU = Debug|Any CPU
		Release|Any CPU = Release|Any CPU
	EndGlobalSection
	GlobalSection(ProjectConfigurationPlatforms) = postSolution
		{2DF74999-1387-4D3F-8D1E-1628F8BAF282}.Debug|Any CPU.ActiveCfg = Debug|Any CPU
		{2DF74999-1387-4D3F-8D1E-1628F8BAF282}.Debug|Any CPU.Build.0 = Debug|Any CPU
		{2DF74999-1387-4D3F-8D1E-1628F8BAF282}.Release|Any CPU.ActiveCfg = Release|Any CPU
		{2DF74999-1387-4D3F-8D1E-1628F8BAF282}.Release|Any CPU.Build.0 = Release|Any CPU
	EndGlobalSection
	GlobalSection(SolutionProperties) = preSolution
		HideSolutionNode = FALSE
	EndGlobalSection
	GlobalSection(ExtensibilityGlobals) = postSolution
		SolutionGuid = {FC0E3074-0738-4984-AF03-5EDF5B2FD42E}
	EndGlobalSection
EndGlobal
